
Microsoft Visual Studio Solution File, Format Version 12.00
# Visual Studio Version 17
VisualStudioVersion = 17.5.33530.505
MinimumVisualStudioVersion = 10.0.40219.1
Project("{FAE04EC0-301F-11D3-BF4B-00C04F79EFBC}") = "library system C# group project", "library system C# group project\library system C# group project.csproj", "{58DCB05A-E518-492F-B63A-F84905691BDB}"
EndProject
Global
	GlobalSection(SolutionConfigurationPlatforms) = preSolution
		Debug|Any CPU = Debug|Any CPU
		Release|Any CPU = Release|Any CPU
	EndGlobalSection
	GlobalSection(ProjectConfigurationPlatforms) = postSolution
		{58DCB05A-E518-492F-B63A-F84905691BDB}.Debug|Any CPU.ActiveCfg = Debug|Any CPU
		{58DCB05A-E518-492F-B63A-F84905691BDB}.Debug|Any CPU.Build.0 = Debug|Any CPU
		{58DCB05A-E518-492F-B63A-F84905691BDB}.Release|Any CPU.ActiveCfg = Release|Any CPU
		{58DCB05A-E518-492F-B63A-F84905691BDB}.Release|Any CPU.Build.0 = Release|Any CPU
	EndGlobalSection
	GlobalSection(SolutionProperties) = preSolution
		HideSolutionNode = FALSE
	EndGlobalSection
	GlobalSection(ExtensibilityGlobals) = postSolution
		SolutionGuid = {86AE7BD7-5560-4177-88E6-2B7033AA65A9}
	EndGlobalSection
EndGlobal
